// !$*UTF8*$!
{
	archiveVersion = 1;
	classes = {
	};
	objectVersion = 56;
	objects = {

/* Begin PBXBuildFile section */
		D78C742729B9A2500033A2A7 /* AlbumView.swift in Sources */ = {isa = PBXBuildFile; fileRef = D78C742629B9A2500033A2A7 /* AlbumView.swift */; };
		D78C742929B9A4DD0033A2A7 /* Thumbnail.swift in Sources */ = {isa = PBXBuildFile; fileRef = D78C742829B9A4DD0033A2A7 /* Thumbnail.swift */; };
		D78C742C29B9A7F00033A2A7 /* CoalescingOperators in Frameworks */ = {isa = PBXBuildFile; productRef = D78C742B29B9A7F00033A2A7 /* CoalescingOperators */; };
		D79AF2B329BAD34100BA1213 /* AssetDetailsView.swift in Sources */ = {isa = PBXBuildFile; fileRef = D79AF2B229BAD34100BA1213 /* AssetDetailsView.swift */; };
		D79C0C1629F8D0320004C484 /* PhotoKitKit in Frameworks */ = {isa = PBXBuildFile; productRef = D79C0C1529F8D0320004C484 /* PhotoKitKit */; };
		D79C0C1829F8E4200004C484 /* UnsortedAssetsView.swift in Sources */ = {isa = PBXBuildFile; fileRef = D79C0C1729F8E4200004C484 /* UnsortedAssetsView.swift */; };
		D79C585329B9986700A7B1F5 /* PhotoKitKitDemoApp.swift in Sources */ = {isa = PBXBuildFile; fileRef = D79C585229B9986700A7B1F5 /* PhotoKitKitDemoApp.swift */; };
		D79C585529B9986700A7B1F5 /* ContentView.swift in Sources */ = {isa = PBXBuildFile; fileRef = D79C585429B9986700A7B1F5 /* ContentView.swift */; };
		D79C585729B9986800A7B1F5 /* Assets.xcassets in Resources */ = {isa = PBXBuildFile; fileRef = D79C585629B9986800A7B1F5 /* Assets.xcassets */; };
		D79C585A29B9986800A7B1F5 /* Preview Assets.xcassets in Resources */ = {isa = PBXBuildFile; fileRef = D79C585929B9986800A7B1F5 /* Preview Assets.xcassets */; };
		D79C586629B99B4B00A7B1F5 /* AlbumsList.swift in Sources */ = {isa = PBXBuildFile; fileRef = D79C586529B99B4B00A7B1F5 /* AlbumsList.swift */; };
/* End PBXBuildFile section */

/* Begin PBXFileReference section */
		D78C742629B9A2500033A2A7 /* AlbumView.swift */ = {isa = PBXFileReference; lastKnownFileType = sourcecode.swift; path = AlbumView.swift; sourceTree = "<group>"; };
		D78C742829B9A4DD0033A2A7 /* Thumbnail.swift */ = {isa = PBXFileReference; lastKnownFileType = sourcecode.swift; path = Thumbnail.swift; sourceTree = "<group>"; };
		D79AF2B229BAD34100BA1213 /* AssetDetailsView.swift */ = {isa = PBXFileReference; lastKnownFileType = sourcecode.swift; path = AssetDetailsView.swift; sourceTree = "<group>"; };
		D79C0C1429F8D02B0004C484 /* PhotoKitKit */ = {isa = PBXFileReference; lastKnownFileType = wrapper; name = PhotoKitKit; path = ..; sourceTree = "<group>"; };
		D79C0C1729F8E4200004C484 /* UnsortedAssetsView.swift */ = {isa = PBXFileReference; lastKnownFileType = sourcecode.swift; path = UnsortedAssetsView.swift; sourceTree = "<group>"; };
		D79C584F29B9986700A7B1F5 /* PhotoKitKitDemo.app */ = {isa = PBXFileReference; explicitFileType = wrapper.application; includeInIndex = 0; path = PhotoKitKitDemo.app; sourceTree = BUILT_PRODUCTS_DIR; };
		D79C585229B9986700A7B1F5 /* PhotoKitKitDemoApp.swift */ = {isa = PBXFileReference; lastKnownFileType = sourcecode.swift; path = PhotoKitKitDemoApp.swift; sourceTree = "<group>"; };
		D79C585429B9986700A7B1F5 /* ContentView.swift */ = {isa = PBXFileReference; lastKnownFileType = sourcecode.swift; path = ContentView.swift; sourceTree = "<group>"; };
		D79C585629B9986800A7B1F5 /* Assets.xcassets */ = {isa = PBXFileReference; lastKnownFileType = folder.assetcatalog; path = Assets.xcassets; sourceTree = "<group>"; };
		D79C585929B9986800A7B1F5 /* Preview Assets.xcassets */ = {isa = PBXFileReference; lastKnownFileType = folder.assetcatalog; path = "Preview Assets.xcassets"; sourceTree = "<group>"; };
		D79C586529B99B4B00A7B1F5 /* AlbumsList.swift */ = {isa = PBXFileReference; lastKnownFileType = sourcecode.swift; path = AlbumsList.swift; sourceTree = "<group>"; };
/* End PBXFileReference section */

/* Begin PBXFrameworksBuildPhase section */
		D79C584C29B9986700A7B1F5 /* Frameworks */ = {
			isa = PBXFrameworksBuildPhase;
			buildActionMask = 2147483647;
			files = (
				D78C742C29B9A7F00033A2A7 /* CoalescingOperators in Frameworks */,
				D79C0C1629F8D0320004C484 /* PhotoKitKit in Frameworks */,
			);
			runOnlyForDeploymentPostprocessing = 0;
		};
/* End PBXFrameworksBuildPhase section */

/* Begin PBXGroup section */
		D79C0C1329F8CFEA0004C484 /* Frameworks */ = {
			isa = PBXGroup;
			children = (
			);
			name = Frameworks;
			sourceTree = "<group>";
		};
		D79C584629B9986700A7B1F5 = {
			isa = PBXGroup;
			children = (
				D79C0C1429F8D02B0004C484 /* PhotoKitKit */,
				D79C585129B9986700A7B1F5 /* PhotoKitKitDemo */,
				D79C585029B9986700A7B1F5 /* Products */,
				D79C0C1329F8CFEA0004C484 /* Frameworks */,
			);
			sourceTree = "<group>";
		};
		D79C585029B9986700A7B1F5 /* Products */ = {
			isa = PBXGroup;
			children = (
				D79C584F29B9986700A7B1F5 /* PhotoKitKitDemo.app */,
			);
			name = Products;
			sourceTree = "<group>";
		};
		D79C585129B9986700A7B1F5 /* PhotoKitKitDemo */ = {
			isa = PBXGroup;
			children = (
				D79C585229B9986700A7B1F5 /* PhotoKitKitDemoApp.swift */,
				D79C585429B9986700A7B1F5 /* ContentView.swift */,
				D79C586529B99B4B00A7B1F5 /* AlbumsList.swift */,
				D79C0C1729F8E4200004C484 /* UnsortedAssetsView.swift */,
				D78C742629B9A2500033A2A7 /* AlbumView.swift */,
				D78C742829B9A4DD0033A2A7 /* Thumbnail.swift */,
				D79AF2B229BAD34100BA1213 /* AssetDetailsView.swift */,
				D79C585629B9986800A7B1F5 /* Assets.xcassets */,
				D79C585829B9986800A7B1F5 /* Preview Content */,
			);
			path = PhotoKitKitDemo;
			sourceTree = "<group>";
		};
		D79C585829B9986800A7B1F5 /* Preview Content */ = {
			isa = PBXGroup;
			children = (
				D79C585929B9986800A7B1F5 /* Preview Assets.xcassets */,
			);
			path = "Preview Content";
			sourceTree = "<group>";
		};
/* End PBXGroup section */

/* Begin PBXNativeTarget section */
		D79C584E29B9986700A7B1F5 /* PhotoKitKitDemo */ = {
			isa = PBXNativeTarget;
			buildConfigurationList = D79C585D29B9986800A7B1F5 /* Build configuration list for PBXNativeTarget "PhotoKitKitDemo" */;
			buildPhases = (
				D79C584B29B9986700A7B1F5 /* Sources */,
				D79C584C29B9986700A7B1F5 /* Frameworks */,
				D79C584D29B9986700A7B1F5 /* Resources */,
			);
			buildRules = (
			);
			dependencies = (
			);
			name = PhotoKitKitDemo;
			packageProductDependencies = (
				D78C742B29B9A7F00033A2A7 /* CoalescingOperators */,
				D79C0C1529F8D0320004C484 /* PhotoKitKit */,
			);
			productName = PhotoKitKitDemo;
			productReference = D79C584F29B9986700A7B1F5 /* PhotoKitKitDemo.app */;
			productType = "com.apple.product-type.application";
		};
/* End PBXNativeTarget section */

/* Begin PBXProject section */
		D79C584729B9986700A7B1F5 /* Project object */ = {
			isa = PBXProject;
			attributes = {
				BuildIndependentTargetsInParallel = 1;
				LastSwiftUpdateCheck = 1420;
				LastUpgradeCheck = 1420;
				TargetAttributes = {
					D79C584E29B9986700A7B1F5 = {
						CreatedOnToolsVersion = 14.2;
					};
				};
			};
			buildConfigurationList = D79C584A29B9986700A7B1F5 /* Build configuration list for PBXProject "PhotoKitKitDemo" */;
			compatibilityVersion = "Xcode 14.0";
			developmentRegion = en;
			hasScannedForEncodings = 0;
			knownRegions = (
				en,
				Base,
			);
			mainGroup = D79C584629B9986700A7B1F5;
			packageReferences = (
				D78C742A29B9A7F00033A2A7 /* XCRemoteSwiftPackageReference "Coalescing-Operators" */,
			);
			productRefGroup = D79C585029B9986700A7B1F5 /* Products */;
			projectDirPath = "";
			projectRoot = "";
			targets = (
				D79C584E29B9986700A7B1F5 /* PhotoKitKitDemo */,
			);
		};
/* End PBXProject section */

/* Begin PBXResourcesBuildPhase section */
		D79C584D29B9986700A7B1F5 /* Resources */ = {
			isa = PBXResourcesBuildPhase;
			buildActionMask = 2147483647;
			files = (
				D79C585A29B9986800A7B1F5 /* Preview Assets.xcassets in Resources */,
				D79C585729B9986800A7B1F5 /* Assets.xcassets in Resources */,
			);
			runOnlyForDeploymentPostprocessing = 0;
		};
/* End PBXResourcesBuildPhase section */

/* Begin PBXSourcesBuildPhase section */
		D79C584B29B9986700A7B1F5 /* Sources */ = {
			isa = PBXSourcesBuildPhase;
			buildActionMask = 2147483647;
			files = (
				D79C586629B99B4B00A7B1F5 /* AlbumsList.swift in Sources */,
				D79C585529B9986700A7B1F5 /* ContentView.swift in Sources */,
				D78C742729B9A2500033A2A7 /* AlbumView.swift in Sources */,
				D78C742929B9A4DD0033A2A7 /* Thumbnail.swift in Sources */,
				D79AF2B329BAD34100BA1213 /* AssetDetailsView.swift in Sources */,
				D79C0C1829F8E4200004C484 /* UnsortedAssetsView.swift in Sources */,
				D79C585329B9986700A7B1F5 /* PhotoKitKitDemoApp.swift in Sources */,
			);
			runOnlyForDeploymentPostprocessing = 0;
		};
/* End PBXSourcesBuildPhase section */

/* Begin XCBuildConfiguration section */
		D79C585B29B9986800A7B1F5 /* Debug */ = {
			isa = XCBuildConfiguration;
			buildSettings = {
				ALWAYS_SEARCH_USER_PATHS = NO;
				CLANG_ANALYZER_NONNULL = YES;
				CLANG_ANALYZER_NUMBER_OBJECT_CONVERSION = YES_AGGRESSIVE;
				CLANG_CXX_LANGUAGE_STANDARD = "gnu++20";
				CLANG_ENABLE_MODULES = YES;
				CLANG_ENABLE_OBJC_ARC = YES;
				CLANG_ENABLE_OBJC_WEAK = YES;
				CLANG_WARN_BLOCK_CAPTURE_AUTORELEASING = YES;
				CLANG_WARN_BOOL_CONVERSION = YES;
				CLANG_WARN_COMMA = YES;
				CLANG_WARN_CONSTANT_CONVERSION = YES;
				CLANG_WARN_DEPRECATED_OBJC_IMPLEMENTATIONS = YES;
				CLANG_WARN_DIRECT_OBJC_ISA_USAGE = YES_ERROR;
				CLANG_WARN_DOCUMENTATION_COMMENTS = YES;
				CLANG_WARN_EMPTY_BODY = YES;
				CLANG_WARN_ENUM_CONVERSION = YES;
				CLANG_WARN_INFINITE_RECURSION = YES;
				CLANG_WARN_INT_CONVERSION = YES;
				CLANG_WARN_NON_LITERAL_NULL_CONVERSION = YES;
				CLANG_WARN_OBJC_IMPLICIT_RETAIN_SELF = YES;
				CLANG_WARN_OBJC_LITERAL_CONVERSION = YES;
				CLANG_WARN_OBJC_ROOT_CLASS = YES_ERROR;
				CLANG_WARN_QUOTED_INCLUDE_IN_FRAMEWORK_HEADER = YES;
				CLANG_WARN_RANGE_LOOP_ANALYSIS = YES;
				CLANG_WARN_STRICT_PROTOTYPES = YES;
				CLANG_WARN_SUSPICIOUS_MOVE = YES;
				CLANG_WARN_UNGUARDED_AVAILABILITY = YES_AGGRESSIVE;
				CLANG_WARN_UNREACHABLE_CODE = YES;
				CLANG_WARN__DUPLICATE_METHOD_MATCH = YES;
				COPY_PHASE_STRIP = NO;
				DEBUG_INFORMATION_FORMAT = dwarf;
				ENABLE_STRICT_OBJC_MSGSEND = YES;
				ENABLE_TESTABILITY = YES;
				GCC_C_LANGUAGE_STANDARD = gnu11;
				GCC_DYNAMIC_NO_PIC = NO;
				GCC_NO_COMMON_BLOCKS = YES;
				GCC_OPTIMIZATION_LEVEL = 0;
				GCC_PREPROCESSOR_DEFINITIONS = (
					"DEBUG=1",
					"$(inherited)",
				);
				GCC_WARN_64_TO_32_BIT_CONVERSION = YES;
				GCC_WARN_ABOUT_RETURN_TYPE = YES_ERROR;
				GCC_WARN_UNDECLARED_SELECTOR = YES;
				GCC_WARN_UNINITIALIZED_AUTOS = YES_AGGRESSIVE;
				GCC_WARN_UNUSED_FUNCTION = YES;
				GCC_WARN_UNUSED_VARIABLE = YES;
				IPHONEOS_DEPLOYMENT_TARGET = 16.2;
				MTL_ENABLE_DEBUG_INFO = INCLUDE_SOURCE;
				MTL_FAST_MATH = YES;
				ONLY_ACTIVE_ARCH = YES;
				SDKROOT = iphoneos;
				SWIFT_ACTIVE_COMPILATION_CONDITIONS = DEBUG;
				SWIFT_OPTIMIZATION_LEVEL = "-Onone";
			};
			name = Debug;
		};
		D79C585C29B9986800A7B1F5 /* Release */ = {
			isa = XCBuildConfiguration;
			buildSettings = {
				ALWAYS_SEARCH_USER_PATHS = NO;
				CLANG_ANALYZER_NONNULL = YES;
				CLANG_ANALYZER_NUMBER_OBJECT_CONVERSION = YES_AGGRESSIVE;
				CLANG_CXX_LANGUAGE_STANDARD = "gnu++20";
				CLANG_ENABLE_MODULES = YES;
				CLANG_ENABLE_OBJC_ARC = YES;
				CLANG_ENABLE_OBJC_WEAK = YES;
				CLANG_WARN_BLOCK_CAPTURE_AUTORELEASING = YES;
				CLANG_WARN_BOOL_CONVERSION = YES;
				CLANG_WARN_COMMA = YES;
				CLANG_WARN_CONSTANT_CONVERSION = YES;
				CLANG_WARN_DEPRECATED_OBJC_IMPLEMENTATIONS = YES;
				CLANG_WARN_DIRECT_OBJC_ISA_USAGE = YES_ERROR;
				CLANG_WARN_DOCUMENTATION_COMMENTS = YES;
				CLANG_WARN_EMPTY_BODY = YES;
				CLANG_WARN_ENUM_CONVERSION = YES;
				CLANG_WARN_INFINITE_RECURSION = YES;
				CLANG_WARN_INT_CONVERSION = YES;
				CLANG_WARN_NON_LITERAL_NULL_CONVERSION = YES;
				CLANG_WARN_OBJC_IMPLICIT_RETAIN_SELF = YES;
				CLANG_WARN_OBJC_LITERAL_CONVERSION = YES;
				CLANG_WARN_OBJC_ROOT_CLASS = YES_ERROR;
				CLANG_WARN_QUOTED_INCLUDE_IN_FRAMEWORK_HEADER = YES;
				CLANG_WARN_RANGE_LOOP_ANALYSIS = YES;
				CLANG_WARN_STRICT_PROTOTYPES = YES;
				CLANG_WARN_SUSPICIOUS_MOVE = YES;
				CLANG_WARN_UNGUARDED_AVAILABILITY = YES_AGGRESSIVE;
				CLANG_WARN_UNREACHABLE_CODE = YES;
				CLANG_WARN__DUPLICATE_METHOD_MATCH = YES;
				COPY_PHASE_STRIP = NO;
				DEBUG_INFORMATION_FORMAT = "dwarf-with-dsym";
				ENABLE_NS_ASSERTIONS = NO;
				ENABLE_STRICT_OBJC_MSGSEND = YES;
				GCC_C_LANGUAGE_STANDARD = gnu11;
				GCC_NO_COMMON_BLOCKS = YES;
				GCC_WARN_64_TO_32_BIT_CONVERSION = YES;
				GCC_WARN_ABOUT_RETURN_TYPE = YES_ERROR;
				GCC_WARN_UNDECLARED_SELECTOR = YES;
				GCC_WARN_UNINITIALIZED_AUTOS = YES_AGGRESSIVE;
				GCC_WARN_UNUSED_FUNCTION = YES;
				GCC_WARN_UNUSED_VARIABLE = YES;
				IPHONEOS_DEPLOYMENT_TARGET = 16.2;
				MTL_ENABLE_DEBUG_INFO = NO;
				MTL_FAST_MATH = YES;
				SDKROOT = iphoneos;
				SWIFT_COMPILATION_MODE = wholemodule;
				SWIFT_OPTIMIZATION_LEVEL = "-O";
				VALIDATE_PRODUCT = YES;
			};
			name = Release;
		};
		D79C585E29B9986800A7B1F5 /* Debug */ = {
			isa = XCBuildConfiguration;
			buildSettings = {
				ASSETCATALOG_COMPILER_APPICON_NAME = AppIcon;
				ASSETCATALOG_COMPILER_GLOBAL_ACCENT_COLOR_NAME = AccentColor;
				CODE_SIGN_STYLE = Automatic;
				CURRENT_PROJECT_VERSION = 1;
				DEVELOPMENT_ASSET_PATHS = "\"PhotoKitKitDemo/Preview Content\"";
				ENABLE_PREVIEWS = YES;
				GENERATE_INFOPLIST_FILE = YES;
				INFOPLIST_KEY_NSPhotoLibraryUsageDescription = "Helps users organizer their photos";
				INFOPLIST_KEY_UIApplicationSceneManifest_Generation = YES;
				INFOPLIST_KEY_UIApplicationSupportsIndirectInputEvents = YES;
				INFOPLIST_KEY_UILaunchScreen_Generation = YES;
				INFOPLIST_KEY_UISupportedInterfaceOrientations_iPad = "UIInterfaceOrientationPortrait UIInterfaceOrientationPortraitUpsideDown UIInterfaceOrientationLandscapeLeft UIInterfaceOrientationLandscapeRight";
				INFOPLIST_KEY_UISupportedInterfaceOrientations_iPhone = "UIInterfaceOrientationPortrait UIInterfaceOrientationLandscapeLeft UIInterfaceOrientationLandscapeRight";
				IPHONEOS_DEPLOYMENT_TARGET = 15.0;
				LD_RUNPATH_SEARCH_PATHS = (
					"$(inherited)",
					"@executable_path/Frameworks",
				);
				MARKETING_VERSION = 1.0;
				PRODUCT_BUNDLE_IDENTIFIER = app.lyons.PhotoKitKitDemo;
				PRODUCT_NAME = "$(TARGET_NAME)";
				SWIFT_EMIT_LOC_STRINGS = YES;
				SWIFT_VERSION = 5.0;
				TARGETED_DEVICE_FAMILY = "1,2";
			};
			name = Debug;
		};
		D79C585F29B9986800A7B1F5 /* Release */ = {
			isa = XCBuildConfiguration;
			buildSettings = {
				ASSETCATALOG_COMPILER_APPICON_NAME = AppIcon;
				ASSETCATALOG_COMPILER_GLOBAL_ACCENT_COLOR_NAME = AccentColor;
				CODE_SIGN_STYLE = Automatic;
				CURRENT_PROJECT_VERSION = 1;
				DEVELOPMENT_ASSET_PATHS = "\"PhotoKitKitDemo/Preview Content\"";
				ENABLE_PREVIEWS = YES;
				GENERATE_INFOPLIST_FILE = YES;
				INFOPLIST_KEY_NSPhotoLibraryUsageDescription = "Helps users organizer their photos";
				INFOPLIST_KEY_UIApplicationSceneManifest_Generation = YES;
				INFOPLIST_KEY_UIApplicationSupportsIndirectInputEvents = YES;
				INFOPLIST_KEY_UILaunchScreen_Generation = YES;
				INFOPLIST_KEY_UISupportedInterfaceOrientations_iPad = "UIInterfaceOrientationPortrait UIInterfaceOrientationPortraitUpsideDown UIInterfaceOrientationLandscapeLeft UIInterfaceOrientationLandscapeRight";
				INFOPLIST_KEY_UISupportedInterfaceOrientations_iPhone = "UIInterfaceOrientationPortrait UIInterfaceOrientationLandscapeLeft UIInterfaceOrientationLandscapeRight";
				IPHONEOS_DEPLOYMENT_TARGET = 15.0;
				LD_RUNPATH_SEARCH_PATHS = (
					"$(inherited)",
					"@executable_path/Frameworks",
				);
				MARKETING_VERSION = 1.0;
				PRODUCT_BUNDLE_IDENTIFIER = app.lyons.PhotoKitKitDemo;
				PRODUCT_NAME = "$(TARGET_NAME)";
				SWIFT_EMIT_LOC_STRINGS = YES;
				SWIFT_VERSION = 5.0;
				TARGETED_DEVICE_FAMILY = "1,2";
			};
			name = Release;
		};
/* End XCBuildConfiguration section */

/* Begin XCConfigurationList section */
		D79C584A29B9986700A7B1F5 /* Build configuration list for PBXProject "PhotoKitKitDemo" */ = {
			isa = XCConfigurationList;
			buildConfigurations = (
				D79C585B29B9986800A7B1F5 /* Debug */,
				D79C585C29B9986800A7B1F5 /* Release */,
			);
			defaultConfigurationIsVisible = 0;
			defaultConfigurationName = Release;
		};
		D79C585D29B9986800A7B1F5 /* Build configuration list for PBXNativeTarget "PhotoKitKitDemo" */ = {
			isa = XCConfigurationList;
			buildConfigurations = (
				D79C585E29B9986800A7B1F5 /* Debug */,
				D79C585F29B9986800A7B1F5 /* Release */,
			);
			defaultConfigurationIsVisible = 0;
			defaultConfigurationName = Release;
		};
/* End XCConfigurationList section */

/* Begin XCRemoteSwiftPackageReference section */
		D78C742A29B9A7F00033A2A7 /* XCRemoteSwiftPackageReference "Coalescing-Operators" */ = {
			isa = XCRemoteSwiftPackageReference;
			repositoryURL = "https://github.com/skjiisa/Coalescing-Operators.git";
			requirement = {
				kind = upToNextMajorVersion;
				minimumVersion = 1.0.0;
			};
		};
/* End XCRemoteSwiftPackageReference section */

/* Begin XCSwiftPackageProductDependency section */
		D78C742B29B9A7F00033A2A7 /* CoalescingOperators */ = {
			isa = XCSwiftPackageProductDependency;
			package = D78C742A29B9A7F00033A2A7 /* XCRemoteSwiftPackageReference "Coalescing-Operators" */;
			productName = CoalescingOperators;
		};
		D79C0C1529F8D0320004C484 /* PhotoKitKit */ = {
			isa = XCSwiftPackageProductDependency;
			productName = PhotoKitKit;
		};
/* End XCSwiftPackageProductDependency section */
	};
	rootObject = D79C584729B9986700A7B1F5 /* Project object */;
}
